// !$*UTF8*$!
{
	archiveVersion = 1;
	classes = {
	};
	objectVersion = 77;
	objects = {

/* Begin PBXBuildFile section */
		4845A3192CEB858D00B51124 /* CheckItem.swift in Sources */ = {isa = PBXBuildFile; fileRef = 4845A3182CEB858D00B51124 /* CheckItem.swift */; };
		4845A31B2CEB957000B51124 /* CheckList.swift in Sources */ = {isa = PBXBuildFile; fileRef = 4845A31A2CEB957000B51124 /* CheckList.swift */; };
		487C7CE32CEE33B000AFE9EB /* CheckItemViewModel.swift in Sources */ = {isa = PBXBuildFile; fileRef = 487C7CE22CEE33AF00AFE9EB /* CheckItemViewModel.swift */; };
		487C7D052CF355B900AFE9EB /* ItemChecklistView.swift in Sources */ = {isa = PBXBuildFile; fileRef = 487C7D042CF355B900AFE9EB /* ItemChecklistView.swift */; };
/* End PBXBuildFile section */

/* Begin PBXContainerItemProxy section */
		4845A2FB2CEA475000B51124 /* PBXContainerItemProxy */ = {
			isa = PBXContainerItemProxy;
			containerPortal = 4845A2E22CEA474E00B51124 /* Project object */;
			proxyType = 1;
			remoteGlobalIDString = 4845A2E92CEA474E00B51124;
			remoteInfo = ForgottenItem;
		};
		4845A3052CEA475000B51124 /* PBXContainerItemProxy */ = {
			isa = PBXContainerItemProxy;
			containerPortal = 4845A2E22CEA474E00B51124 /* Project object */;
			proxyType = 1;
			remoteGlobalIDString = 4845A2E92CEA474E00B51124;
			remoteInfo = ForgottenItem;
		};
/* End PBXContainerItemProxy section */

/* Begin PBXFileReference section */
		4845A2EA2CEA474E00B51124 /* ForgottenItem.app */ = {isa = PBXFileReference; explicitFileType = wrapper.application; includeInIndex = 0; path = ForgottenItem.app; sourceTree = BUILT_PRODUCTS_DIR; };
		4845A2FA2CEA475000B51124 /* ForgottenItemTests.xctest */ = {isa = PBXFileReference; explicitFileType = wrapper.cfbundle; includeInIndex = 0; path = ForgottenItemTests.xctest; sourceTree = BUILT_PRODUCTS_DIR; };
		4845A3042CEA475000B51124 /* ForgottenItemUITests.xctest */ = {isa = PBXFileReference; explicitFileType = wrapper.cfbundle; includeInIndex = 0; path = ForgottenItemUITests.xctest; sourceTree = BUILT_PRODUCTS_DIR; };
		4845A3182CEB858D00B51124 /* CheckItem.swift */ = {isa = PBXFileReference; lastKnownFileType = sourcecode.swift; path = CheckItem.swift; sourceTree = "<group>"; };
		4845A31A2CEB957000B51124 /* CheckList.swift */ = {isa = PBXFileReference; lastKnownFileType = sourcecode.swift; path = CheckList.swift; sourceTree = "<group>"; };
		487C7CE22CEE33AF00AFE9EB /* CheckItemViewModel.swift */ = {isa = PBXFileReference; lastKnownFileType = sourcecode.swift; path = CheckItemViewModel.swift; sourceTree = "<group>"; };
		487C7D042CF355B900AFE9EB /* ItemChecklistView.swift */ = {isa = PBXFileReference; lastKnownFileType = sourcecode.swift; path = ItemChecklistView.swift; sourceTree = "<group>"; };
/* End PBXFileReference section */

/* Begin PBXFileSystemSynchronizedRootGroup section */
		4845A2EC2CEA474E00B51124 /* ForgottenItem */ = {
			isa = PBXFileSystemSynchronizedRootGroup;
			path = ForgottenItem;
			sourceTree = "<group>";
		};
		4845A2FD2CEA475000B51124 /* ForgottenItemTests */ = {
			isa = PBXFileSystemSynchronizedRootGroup;
			path = ForgottenItemTests;
			sourceTree = "<group>";
		};
		4845A3072CEA475000B51124 /* ForgottenItemUITests */ = {
			isa = PBXFileSystemSynchronizedRootGroup;
			path = ForgottenItemUITests;
			sourceTree = "<group>";
		};
/* End PBXFileSystemSynchronizedRootGroup section */

/* Begin PBXFrameworksBuildPhase section */
		4845A2E72CEA474E00B51124 /* Frameworks */ = {
			isa = PBXFrameworksBuildPhase;
			buildActionMask = 2147483647;
			files = (
			);
			runOnlyForDeploymentPostprocessing = 0;
		};
		4845A2F72CEA475000B51124 /* Frameworks */ = {
			isa = PBXFrameworksBuildPhase;
			buildActionMask = 2147483647;
			files = (
			);
			runOnlyForDeploymentPostprocessing = 0;
		};
		4845A3012CEA475000B51124 /* Frameworks */ = {
			isa = PBXFrameworksBuildPhase;
			buildActionMask = 2147483647;
			files = (
			);
			runOnlyForDeploymentPostprocessing = 0;
		};
/* End PBXFrameworksBuildPhase section */

/* Begin PBXGroup section */
		4845A2E12CEA474E00B51124 = {
			isa = PBXGroup;
			children = (
				4845A2EC2CEA474E00B51124 /* ForgottenItem */,
				4845A2FD2CEA475000B51124 /* ForgottenItemTests */,
				4845A3072CEA475000B51124 /* ForgottenItemUITests */,
				4845A2EB2CEA474E00B51124 /* Products */,
				4845A3172CEB852600B51124 /* Entity */,
				487C7CE12CEE339000AFE9EB /* ViewModel */,
				487C7D032CF3532B00AFE9EB /* View */,
			);
			sourceTree = "<group>";
		};
		4845A2EB2CEA474E00B51124 /* Products */ = {
			isa = PBXGroup;
			children = (
				4845A2EA2CEA474E00B51124 /* ForgottenItem.app */,
				4845A2FA2CEA475000B51124 /* ForgottenItemTests.xctest */,
				4845A3042CEA475000B51124 /* ForgottenItemUITests.xctest */,
			);
			name = Products;
			sourceTree = "<group>";
		};
		4845A3172CEB852600B51124 /* Entity */ = {
			isa = PBXGroup;
			children = (
				4845A3182CEB858D00B51124 /* CheckItem.swift */,
				4845A31A2CEB957000B51124 /* CheckList.swift */,
			);
			path = Entity;
			sourceTree = "<group>";
		};
		487C7CE12CEE339000AFE9EB /* ViewModel */ = {
			isa = PBXGroup;
			children = (
				487C7CE22CEE33AF00AFE9EB /* CheckItemViewModel.swift */,
			);
			path = ViewModel;
			sourceTree = "<group>";
		};
		487C7D032CF3532B00AFE9EB /* View */ = {
			isa = PBXGroup;
			children = (
				487C7D042CF355B900AFE9EB /* ItemChecklistView.swift */,
			);
			path = View;
			sourceTree = "<group>";
		};
/* End PBXGroup section */

/* Begin PBXNativeTarget section */
		4845A2E92CEA474E00B51124 /* ForgottenItem */ = {
			isa = PBXNativeTarget;
			buildConfigurationList = 4845A30E2CEA475000B51124 /* Build configuration list for PBXNativeTarget "ForgottenItem" */;
			buildPhases = (
				4845A2E62CEA474E00B51124 /* Sources */,
				4845A2E72CEA474E00B51124 /* Frameworks */,
				4845A2E82CEA474E00B51124 /* Resources */,
			);
			buildRules = (
			);
			dependencies = (
			);
			fileSystemSynchronizedGroups = (
				4845A2EC2CEA474E00B51124 /* ForgottenItem */,
			);
			name = ForgottenItem;
			packageProductDependencies = (
			);
			productName = ForgottenItem;
			productReference = 4845A2EA2CEA474E00B51124 /* ForgottenItem.app */;
			productType = "com.apple.product-type.application";
		};
		4845A2F92CEA475000B51124 /* ForgottenItemTests */ = {
			isa = PBXNativeTarget;
			buildConfigurationList = 4845A3112CEA475000B51124 /* Build configuration list for PBXNativeTarget "ForgottenItemTests" */;
			buildPhases = (
				4845A2F62CEA475000B51124 /* Sources */,
				4845A2F72CEA475000B51124 /* Frameworks */,
				4845A2F82CEA475000B51124 /* Resources */,
			);
			buildRules = (
			);
			dependencies = (
				4845A2FC2CEA475000B51124 /* PBXTargetDependency */,
			);
			fileSystemSynchronizedGroups = (
				4845A2FD2CEA475000B51124 /* ForgottenItemTests */,
			);
			name = ForgottenItemTests;
			packageProductDependencies = (
			);
			productName = ForgottenItemTests;
			productReference = 4845A2FA2CEA475000B51124 /* ForgottenItemTests.xctest */;
			productType = "com.apple.product-type.bundle.unit-test";
		};
		4845A3032CEA475000B51124 /* ForgottenItemUITests */ = {
			isa = PBXNativeTarget;
			buildConfigurationList = 4845A3142CEA475000B51124 /* Build configuration list for PBXNativeTarget "ForgottenItemUITests" */;
			buildPhases = (
				4845A3002CEA475000B51124 /* Sources */,
				4845A3012CEA475000B51124 /* Frameworks */,
				4845A3022CEA475000B51124 /* Resources */,
			);
			buildRules = (
			);
			dependencies = (
				4845A3062CEA475000B51124 /* PBXTargetDependency */,
			);
			fileSystemSynchronizedGroups = (
				4845A3072CEA475000B51124 /* ForgottenItemUITests */,
			);
			name = ForgottenItemUITests;
			packageProductDependencies = (
			);
			productName = ForgottenItemUITests;
			productReference = 4845A3042CEA475000B51124 /* ForgottenItemUITests.xctest */;
			productType = "com.apple.product-type.bundle.ui-testing";
		};
/* End PBXNativeTarget section */

/* Begin PBXProject section */
		4845A2E22CEA474E00B51124 /* Project object */ = {
			isa = PBXProject;
			attributes = {
				BuildIndependentTargetsInParallel = 1;
				LastSwiftUpdateCheck = 1600;
				LastUpgradeCheck = 1600;
				TargetAttributes = {
					4845A2E92CEA474E00B51124 = {
						CreatedOnToolsVersion = 16.0;
					};
					4845A2F92CEA475000B51124 = {
						CreatedOnToolsVersion = 16.0;
						TestTargetID = 4845A2E92CEA474E00B51124;
					};
					4845A3032CEA475000B51124 = {
						CreatedOnToolsVersion = 16.0;
						TestTargetID = 4845A2E92CEA474E00B51124;
					};
				};
			};
			buildConfigurationList = 4845A2E52CEA474E00B51124 /* Build configuration list for PBXProject "ForgottenItem" */;
			developmentRegion = en;
			hasScannedForEncodings = 0;
			knownRegions = (
				en,
				Base,
			);
			mainGroup = 4845A2E12CEA474E00B51124;
			minimizedProjectReferenceProxies = 1;
			preferredProjectObjectVersion = 77;
			productRefGroup = 4845A2EB2CEA474E00B51124 /* Products */;
			projectDirPath = "";
			projectRoot = "";
			targets = (
				4845A2E92CEA474E00B51124 /* ForgottenItem */,
				4845A2F92CEA475000B51124 /* ForgottenItemTests */,
				4845A3032CEA475000B51124 /* ForgottenItemUITests */,
			);
		};
/* End PBXProject section */

/* Begin PBXResourcesBuildPhase section */
		4845A2E82CEA474E00B51124 /* Resources */ = {
			isa = PBXResourcesBuildPhase;
			buildActionMask = 2147483647;
			files = (
			);
			runOnlyForDeploymentPostprocessing = 0;
		};
		4845A2F82CEA475000B51124 /* Resources */ = {
			isa = PBXResourcesBuildPhase;
			buildActionMask = 2147483647;
			files = (
			);
			runOnlyForDeploymentPostprocessing = 0;
		};
		4845A3022CEA475000B51124 /* Resources */ = {
			isa = PBXResourcesBuildPhase;
			buildActionMask = 2147483647;
			files = (
			);
			runOnlyForDeploymentPostprocessing = 0;
		};
/* End PBXResourcesBuildPhase section */

/* Begin PBXSourcesBuildPhase section */
		4845A2E62CEA474E00B51124 /* Sources */ = {
			isa = PBXSourcesBuildPhase;
			buildActionMask = 2147483647;
			files = (
				487C7D052CF355B900AFE9EB /* ItemChecklistView.swift in Sources */,
				4845A31B2CEB957000B51124 /* CheckList.swift in Sources */,
				4845A3192CEB858D00B51124 /* CheckItem.swift in Sources */,
				487C7CE32CEE33B000AFE9EB /* CheckItemViewModel.swift in Sources */,
			);
			runOnlyForDeploymentPostprocessing = 0;
		};
		4845A2F62CEA475000B51124 /* Sources */ = {
			isa = PBXSourcesBuildPhase;
			buildActionMask = 2147483647;
			files = (
			);
			runOnlyForDeploymentPostprocessing = 0;
		};
		4845A3002CEA475000B51124 /* Sources */ = {
			isa = PBXSourcesBuildPhase;
			buildActionMask = 2147483647;
			files = (
			);
			runOnlyForDeploymentPostprocessing = 0;
		};
/* End PBXSourcesBuildPhase section */

/* Begin PBXTargetDependency section */
		4845A2FC2CEA475000B51124 /* PBXTargetDependency */ = {
			isa = PBXTargetDependency;
			target = 4845A2E92CEA474E00B51124 /* ForgottenItem */;
			targetProxy = 4845A2FB2CEA475000B51124 /* PBXContainerItemProxy */;
		};
		4845A3062CEA475000B51124 /* PBXTargetDependency */ = {
			isa = PBXTargetDependency;
			target = 4845A2E92CEA474E00B51124 /* ForgottenItem */;
			targetProxy = 4845A3052CEA475000B51124 /* PBXContainerItemProxy */;
		};
/* End PBXTargetDependency section */

/* Begin XCBuildConfiguration section */
		4845A30C2CEA475000B51124 /* Debug */ = {
			isa = XCBuildConfiguration;
			buildSettings = {
				ALWAYS_SEARCH_USER_PATHS = NO;
				ASSETCATALOG_COMPILER_GENERATE_SWIFT_ASSET_SYMBOL_EXTENSIONS = YES;
				CLANG_ANALYZER_NONNULL = YES;
				CLANG_ANALYZER_NUMBER_OBJECT_CONVERSION = YES_AGGRESSIVE;
				CLANG_CXX_LANGUAGE_STANDARD = "gnu++20";
				CLANG_ENABLE_MODULES = YES;
				CLANG_ENABLE_OBJC_ARC = YES;
				CLANG_ENABLE_OBJC_WEAK = YES;
				CLANG_WARN_BLOCK_CAPTURE_AUTORELEASING = YES;
				CLANG_WARN_BOOL_CONVERSION = YES;
				CLANG_WARN_COMMA = YES;
				CLANG_WARN_CONSTANT_CONVERSION = YES;
				CLANG_WARN_DEPRECATED_OBJC_IMPLEMENTATIONS = YES;
				CLANG_WARN_DIRECT_OBJC_ISA_USAGE = YES_ERROR;
				CLANG_WARN_DOCUMENTATION_COMMENTS = YES;
				CLANG_WARN_EMPTY_BODY = YES;
				CLANG_WARN_ENUM_CONVERSION = YES;
				CLANG_WARN_INFINITE_RECURSION = YES;
				CLANG_WARN_INT_CONVERSION = YES;
				CLANG_WARN_NON_LITERAL_NULL_CONVERSION = YES;
				CLANG_WARN_OBJC_IMPLICIT_RETAIN_SELF = YES;
				CLANG_WARN_OBJC_LITERAL_CONVERSION = YES;
				CLANG_WARN_OBJC_ROOT_CLASS = YES_ERROR;
				CLANG_WARN_QUOTED_INCLUDE_IN_FRAMEWORK_HEADER = YES;
				CLANG_WARN_RANGE_LOOP_ANALYSIS = YES;
				CLANG_WARN_STRICT_PROTOTYPES = YES;
				CLANG_WARN_SUSPICIOUS_MOVE = YES;
				CLANG_WARN_UNGUARDED_AVAILABILITY = YES_AGGRESSIVE;
				CLANG_WARN_UNREACHABLE_CODE = YES;
				CLANG_WARN__DUPLICATE_METHOD_MATCH = YES;
				COPY_PHASE_STRIP = NO;
				DEBUG_INFORMATION_FORMAT = dwarf;
				ENABLE_STRICT_OBJC_MSGSEND = YES;
				ENABLE_TESTABILITY = YES;
				ENABLE_USER_SCRIPT_SANDBOXING = YES;
				GCC_C_LANGUAGE_STANDARD = gnu17;
				GCC_DYNAMIC_NO_PIC = NO;
				GCC_NO_COMMON_BLOCKS = YES;
				GCC_OPTIMIZATION_LEVEL = 0;
				GCC_PREPROCESSOR_DEFINITIONS = (
					"DEBUG=1",
					"$(inherited)",
				);
				GCC_WARN_64_TO_32_BIT_CONVERSION = YES;
				GCC_WARN_ABOUT_RETURN_TYPE = YES_ERROR;
				GCC_WARN_UNDECLARED_SELECTOR = YES;
				GCC_WARN_UNINITIALIZED_AUTOS = YES_AGGRESSIVE;
				GCC_WARN_UNUSED_FUNCTION = YES;
				GCC_WARN_UNUSED_VARIABLE = YES;
				IPHONEOS_DEPLOYMENT_TARGET = 18.0;
				LOCALIZATION_PREFERS_STRING_CATALOGS = YES;
				MTL_ENABLE_DEBUG_INFO = INCLUDE_SOURCE;
				MTL_FAST_MATH = YES;
				ONLY_ACTIVE_ARCH = YES;
				SDKROOT = iphoneos;
				SWIFT_ACTIVE_COMPILATION_CONDITIONS = "DEBUG $(inherited)";
				SWIFT_OPTIMIZATION_LEVEL = "-Onone";
			};
			name = Debug;
		};
		4845A30D2CEA475000B51124 /* Release */ = {
			isa = XCBuildConfiguration;
			buildSettings = {
				ALWAYS_SEARCH_USER_PATHS = NO;
				ASSETCATALOG_COMPILER_GENERATE_SWIFT_ASSET_SYMBOL_EXTENSIONS = YES;
				CLANG_ANALYZER_NONNULL = YES;
				CLANG_ANALYZER_NUMBER_OBJECT_CONVERSION = YES_AGGRESSIVE;
				CLANG_CXX_LANGUAGE_STANDARD = "gnu++20";
				CLANG_ENABLE_MODULES = YES;
				CLANG_ENABLE_OBJC_ARC = YES;
				CLANG_ENABLE_OBJC_WEAK = YES;
				CLANG_WARN_BLOCK_CAPTURE_AUTORELEASING = YES;
				CLANG_WARN_BOOL_CONVERSION = YES;
				CLANG_WARN_COMMA = YES;
				CLANG_WARN_CONSTANT_CONVERSION = YES;
				CLANG_WARN_DEPRECATED_OBJC_IMPLEMENTATIONS = YES;
				CLANG_WARN_DIRECT_OBJC_ISA_USAGE = YES_ERROR;
				CLANG_WARN_DOCUMENTATION_COMMENTS = YES;
				CLANG_WARN_EMPTY_BODY = YES;
				CLANG_WARN_ENUM_CONVERSION = YES;
				CLANG_WARN_INFINITE_RECURSION = YES;
				CLANG_WARN_INT_CONVERSION = YES;
				CLANG_WARN_NON_LITERAL_NULL_CONVERSION = YES;
				CLANG_WARN_OBJC_IMPLICIT_RETAIN_SELF = YES;
				CLANG_WARN_OBJC_LITERAL_CONVERSION = YES;
				CLANG_WARN_OBJC_ROOT_CLASS = YES_ERROR;
				CLANG_WARN_QUOTED_INCLUDE_IN_FRAMEWORK_HEADER = YES;
				CLANG_WARN_RANGE_LOOP_ANALYSIS = YES;
				CLANG_WARN_STRICT_PROTOTYPES = YES;
				CLANG_WARN_SUSPICIOUS_MOVE = YES;
				CLANG_WARN_UNGUARDED_AVAILABILITY = YES_AGGRESSIVE;
				CLANG_WARN_UNREACHABLE_CODE = YES;
				CLANG_WARN__DUPLICATE_METHOD_MATCH = YES;
				COPY_PHASE_STRIP = NO;
				DEBUG_INFORMATION_FORMAT = "dwarf-with-dsym";
				ENABLE_NS_ASSERTIONS = NO;
				ENABLE_STRICT_OBJC_MSGSEND = YES;
				ENABLE_USER_SCRIPT_SANDBOXING = YES;
				GCC_C_LANGUAGE_STANDARD = gnu17;
				GCC_NO_COMMON_BLOCKS = YES;
				GCC_WARN_64_TO_32_BIT_CONVERSION = YES;
				GCC_WARN_ABOUT_RETURN_TYPE = YES_ERROR;
				GCC_WARN_UNDECLARED_SELECTOR = YES;
				GCC_WARN_UNINITIALIZED_AUTOS = YES_AGGRESSIVE;
				GCC_WARN_UNUSED_FUNCTION = YES;
				GCC_WARN_UNUSED_VARIABLE = YES;
				IPHONEOS_DEPLOYMENT_TARGET = 18.0;
				LOCALIZATION_PREFERS_STRING_CATALOGS = YES;
				MTL_ENABLE_DEBUG_INFO = NO;
				MTL_FAST_MATH = YES;
				SDKROOT = iphoneos;
				SWIFT_COMPILATION_MODE = wholemodule;
				VALIDATE_PRODUCT = YES;
			};
			name = Release;
		};
		4845A30F2CEA475000B51124 /* Debug */ = {
			isa = XCBuildConfiguration;
			buildSettings = {
				ASSETCATALOG_COMPILER_APPICON_NAME = AppIcon;
				ASSETCATALOG_COMPILER_GLOBAL_ACCENT_COLOR_NAME = AccentColor;
				CODE_SIGN_STYLE = Automatic;
				CURRENT_PROJECT_VERSION = 1;
				DEVELOPMENT_ASSET_PATHS = "\"ForgottenItem/Preview Content\"";
				ENABLE_PREVIEWS = YES;
				GENERATE_INFOPLIST_FILE = YES;
				INFOPLIST_KEY_UIApplicationSceneManifest_Generation = YES;
				INFOPLIST_KEY_UIApplicationSupportsIndirectInputEvents = YES;
				INFOPLIST_KEY_UILaunchScreen_Generation = YES;
				INFOPLIST_KEY_UISupportedInterfaceOrientations_iPad = "UIInterfaceOrientationPortrait UIInterfaceOrientationPortraitUpsideDown UIInterfaceOrientationLandscapeLeft UIInterfaceOrientationLandscapeRight";
				INFOPLIST_KEY_UISupportedInterfaceOrientations_iPhone = "UIInterfaceOrientationPortrait UIInterfaceOrientationLandscapeLeft UIInterfaceOrientationLandscapeRight";
				LD_RUNPATH_SEARCH_PATHS = (
					"$(inherited)",
					"@executable_path/Frameworks",
				);
				MARKETING_VERSION = 1.0;
				PRODUCT_BUNDLE_IDENTIFIER = kebin.sato.ForgottenItem;
				PRODUCT_NAME = "$(TARGET_NAME)";
				SWIFT_EMIT_LOC_STRINGS = YES;
				SWIFT_VERSION = 5.0;
				TARGETED_DEVICE_FAMILY = "1,2";
			};
			name = Debug;
		};
		4845A3102CEA475000B51124 /* Release */ = {
			isa = XCBuildConfiguration;
			buildSettings = {
				ASSETCATALOG_COMPILER_APPICON_NAME = AppIcon;
				ASSETCATALOG_COMPILER_GLOBAL_ACCENT_COLOR_NAME = AccentColor;
				CODE_SIGN_STYLE = Automatic;
				CURRENT_PROJECT_VERSION = 1;
				DEVELOPMENT_ASSET_PATHS = "\"ForgottenItem/Preview Content\"";
				ENABLE_PREVIEWS = YES;
				GENERATE_INFOPLIST_FILE = YES;
				INFOPLIST_KEY_UIApplicationSceneManifest_Generation = YES;
				INFOPLIST_KEY_UIApplicationSupportsIndirectInputEvents = YES;
				INFOPLIST_KEY_UILaunchScreen_Generation = YES;
				INFOPLIST_KEY_UISupportedInterfaceOrientations_iPad = "UIInterfaceOrientationPortrait UIInterfaceOrientationPortraitUpsideDown UIInterfaceOrientationLandscapeLeft UIInterfaceOrientationLandscapeRight";
				INFOPLIST_KEY_UISupportedInterfaceOrientations_iPhone = "UIInterfaceOrientationPortrait UIInterfaceOrientationLandscapeLeft UIInterfaceOrientationLandscapeRight";
				LD_RUNPATH_SEARCH_PATHS = (
					"$(inherited)",
					"@executable_path/Frameworks",
				);
				MARKETING_VERSION = 1.0;
				PRODUCT_BUNDLE_IDENTIFIER = kebin.sato.ForgottenItem;
				PRODUCT_NAME = "$(TARGET_NAME)";
				SWIFT_EMIT_LOC_STRINGS = YES;
				SWIFT_VERSION = 5.0;
				TARGETED_DEVICE_FAMILY = "1,2";
			};
			name = Release;
		};
		4845A3122CEA475000B51124 /* Debug */ = {
			isa = XCBuildConfiguration;
			buildSettings = {
				BUNDLE_LOADER = "$(TEST_HOST)";
				CODE_SIGN_STYLE = Automatic;
				CURRENT_PROJECT_VERSION = 1;
				GENERATE_INFOPLIST_FILE = YES;
				IPHONEOS_DEPLOYMENT_TARGET = 18.0;
				MARKETING_VERSION = 1.0;
				PRODUCT_BUNDLE_IDENTIFIER = kebin.sato.ForgottenItemTests;
				PRODUCT_NAME = "$(TARGET_NAME)";
				SWIFT_EMIT_LOC_STRINGS = NO;
				SWIFT_VERSION = 5.0;
				TARGETED_DEVICE_FAMILY = "1,2";
				TEST_HOST = "$(BUILT_PRODUCTS_DIR)/ForgottenItem.app/$(BUNDLE_EXECUTABLE_FOLDER_PATH)/ForgottenItem";
			};
			name = Debug;
		};
		4845A3132CEA475000B51124 /* Release */ = {
			isa = XCBuildConfiguration;
			buildSettings = {
				BUNDLE_LOADER = "$(TEST_HOST)";
				CODE_SIGN_STYLE = Automatic;
				CURRENT_PROJECT_VERSION = 1;
				GENERATE_INFOPLIST_FILE = YES;
				IPHONEOS_DEPLOYMENT_TARGET = 18.0;
				MARKETING_VERSION = 1.0;
				PRODUCT_BUNDLE_IDENTIFIER = kebin.sato.ForgottenItemTests;
				PRODUCT_NAME = "$(TARGET_NAME)";
				SWIFT_EMIT_LOC_STRINGS = NO;
				SWIFT_VERSION = 5.0;
				TARGETED_DEVICE_FAMILY = "1,2";
				TEST_HOST = "$(BUILT_PRODUCTS_DIR)/ForgottenItem.app/$(BUNDLE_EXECUTABLE_FOLDER_PATH)/ForgottenItem";
			};
			name = Release;
		};
		4845A3152CEA475000B51124 /* Debug */ = {
			isa = XCBuildConfiguration;
			buildSettings = {
				CODE_SIGN_STYLE = Automatic;
				CURRENT_PROJECT_VERSION = 1;
				GENERATE_INFOPLIST_FILE = YES;
				MARKETING_VERSION = 1.0;
				PRODUCT_BUNDLE_IDENTIFIER = kebin.sato.ForgottenItemUITests;
				PRODUCT_NAME = "$(TARGET_NAME)";
				SWIFT_EMIT_LOC_STRINGS = NO;
				SWIFT_VERSION = 5.0;
				TARGETED_DEVICE_FAMILY = "1,2";
				TEST_TARGET_NAME = ForgottenItem;
			};
			name = Debug;
		};
		4845A3162CEA475000B51124 /* Release */ = {
			isa = XCBuildConfiguration;
			buildSettings = {
				CODE_SIGN_STYLE = Automatic;
				CURRENT_PROJECT_VERSION = 1;
				GENERATE_INFOPLIST_FILE = YES;
				MARKETING_VERSION = 1.0;
				PRODUCT_BUNDLE_IDENTIFIER = kebin.sato.ForgottenItemUITests;
				PRODUCT_NAME = "$(TARGET_NAME)";
				SWIFT_EMIT_LOC_STRINGS = NO;
				SWIFT_VERSION = 5.0;
				TARGETED_DEVICE_FAMILY = "1,2";
				TEST_TARGET_NAME = ForgottenItem;
			};
			name = Release;
		};
/* End XCBuildConfiguration section */

/* Begin XCConfigurationList section */
		4845A2E52CEA474E00B51124 /* Build configuration list for PBXProject "ForgottenItem" */ = {
			isa = XCConfigurationList;
			buildConfigurations = (
				4845A30C2CEA475000B51124 /* Debug */,
				4845A30D2CEA475000B51124 /* Release */,
			);
			defaultConfigurationIsVisible = 0;
			defaultConfigurationName = Release;
		};
		4845A30E2CEA475000B51124 /* Build configuration list for PBXNativeTarget "ForgottenItem" */ = {
			isa = XCConfigurationList;
			buildConfigurations = (
				4845A30F2CEA475000B51124 /* Debug */,
				4845A3102CEA475000B51124 /* Release */,
			);
			defaultConfigurationIsVisible = 0;
			defaultConfigurationName = Release;
		};
		4845A3112CEA475000B51124 /* Build configuration list for PBXNativeTarget "ForgottenItemTests" */ = {
			isa = XCConfigurationList;
			buildConfigurations = (
				4845A3122CEA475000B51124 /* Debug */,
				4845A3132CEA475000B51124 /* Release */,
			);
			defaultConfigurationIsVisible = 0;
			defaultConfigurationName = Release;
		};
		4845A3142CEA475000B51124 /* Build configuration list for PBXNativeTarget "ForgottenItemUITests" */ = {
			isa = XCConfigurationList;
			buildConfigurations = (
				4845A3152CEA475000B51124 /* Debug */,
				4845A3162CEA475000B51124 /* Release */,
			);
			defaultConfigurationIsVisible = 0;
			defaultConfigurationName = Release;
		};
/* End XCConfigurationList section */
	};
	rootObject = 4845A2E22CEA474E00B51124 /* Project object */;
}
